<?xml version="1.0" encoding="utf-8"?>
<Project ToolsVersion="4.0" xmlns="http://schemas.microsoft.com/developer/msbuild/2003">
  <ItemGroup>
    <Filter Include="Header Files">
      <UniqueIdentifier>{93995380-89BD-4b04-88EB-625FBE52EBFB}</UniqueIdentifier>
      <Extensions>h;hpp;hxx;hm;inl;inc;xsd</Extensions>
    </Filter>
    <Filter Include="Resource Files">
      <UniqueIdentifier>{67DA6AB6-F800-4c08-8B7A-83BB121AAD01}</UniqueIdentifier>
      <Extensions>rc;ico;cur;bmp;dlg;rc2;rct;bin;rgs;gif;jpg;jpeg;jpe;resx;tiff;tif;png;wav;mfcribbon-ms</Extensions>
    </Filter>
    <Filter Include="Shaders">
      <UniqueIdentifier>{9e4a7726-d9e7-4a41-abf3-ed6edf29d7e8}</UniqueIdentifier>
    </Filter>
    <Filter Include="Header Files\IronClad">
      <UniqueIdentifier>{b9187be1-bc8b-4138-9e53-d3635599769b}</UniqueIdentifier>
    </Filter>
    <Filter Include="Header Files\IronClad\Assets">
      <UniqueIdentifier>{450ecf52-218c-46bb-8a11-9402429acf5d}</UniqueIdentifier>
    </Filter>
    <Filter Include="Header Files\IronClad\Entity">
      <UniqueIdentifier>{94c918a2-a518-48dd-9969-9c982715ccfd}</UniqueIdentifier>
    </Filter>
    <Filter Include="Header Files\IronClad\Math">
      <UniqueIdentifier>{dd5b6dc9-bacf-49ac-a25f-30cf01ea2ff6}</UniqueIdentifier>
    </Filter>
    <Filter Include="Header Files\IronClad\Graphics">
      <UniqueIdentifier>{d3620292-734f-44f2-bd1d-096255d25bf0}</UniqueIdentifier>
    </Filter>
    <Filter Include="Header Files\IronClad\Utilities">
      <UniqueIdentifier>{761d205b-4105-41c4-98f5-832a80bc32f2}</UniqueIdentifier>
    </Filter>
    <Filter Include="Header Files\IronClad\Base">
      <UniqueIdentifier>{c42c4b70-e048-474c-95a0-4d734050f9b4}</UniqueIdentifier>
    </Filter>
    <Filter Include="Source Files">
      <UniqueIdentifier>{3b546758-dd25-4664-a67c-21e76e020660}</UniqueIdentifier>
    </Filter>
    <Filter Include="Header Files\IronClad\GUI">
      <UniqueIdentifier>{542b4730-cc00-47ca-960e-e2c0fa998cc8}</UniqueIdentifier>
    </Filter>
    <Filter Include="Header Files\IronClad\Audio">
      <UniqueIdentifier>{078f20d7-f394-42d2-9f20-639afb4182a2}</UniqueIdentifier>
    </Filter>
    <Filter Include="Source Files\Engine">
      <UniqueIdentifier>{efb08028-a83e-4ecf-8351-f561d38d2395}</UniqueIdentifier>
    </Filter>
    <Filter Include="Source Files\Engine\Assets">
      <UniqueIdentifier>{e51003de-8341-4993-af65-e1c7cc16b542}</UniqueIdentifier>
    </Filter>
    <Filter Include="Source Files\Engine\Entities">
      <UniqueIdentifier>{7d1d0322-cf48-4aa0-a136-cd161e231d18}</UniqueIdentifier>
    </Filter>
    <Filter Include="Source Files\Engine\Graphics">
      <UniqueIdentifier>{276966e6-ae79-4f37-9da6-74c8a867220a}</UniqueIdentifier>
    </Filter>
    <Filter Include="Source Files\Engine\Math">
      <UniqueIdentifier>{a1aa7283-1fb8-4b65-9ccb-fffc6c7a5d47}</UniqueIdentifier>
    </Filter>
    <Filter Include="Source Files\Engine\Utilities">
      <UniqueIdentifier>{dc54c46e-3ce9-40db-941e-573c0118200f}</UniqueIdentifier>
    </Filter>
    <Filter Include="Source Files\Engine\GUI">
      <UniqueIdentifier>{2d9e547d-3415-4acc-8f4b-ecb6099424b8}</UniqueIdentifier>
    </Filter>
    <Filter Include="Source Files\Engine\Audio">
      <UniqueIdentifier>{f210a9fa-6745-46e6-b07f-50b182921244}</UniqueIdentifier>
    </Filter>
  </ItemGroup>
  <ItemGroup>
    <ClInclude Include="include\IronClad\Graphics\Effect.hpp">
      <Filter>Header Files\IronClad\Graphics</Filter>
    </ClInclude>
    <ClInclude Include="include\IronClad\Graphics\Framebuffer.hpp">
      <Filter>Header Files\IronClad\Graphics</Filter>
    </ClInclude>
    <ClInclude Include="include\IronClad\Graphics\Globals.hpp">
      <Filter>Header Files\IronClad\Graphics</Filter>
    </ClInclude>
    <ClInclude Include="include\IronClad\Graphics\Light.hpp">
      <Filter>Header Files\IronClad\Graphics</Filter>
    </ClInclude>
    <ClInclude Include="include\IronClad\Graphics\Material.hpp">
      <Filter>Header Files\IronClad\Graphics</Filter>
    </ClInclude>
    <ClInclude Include="include\IronClad\Graphics\MeshInstance.hpp">
      <Filter>Header Files\IronClad\Graphics</Filter>
    </ClInclude>
    <ClInclude Include="include\IronClad\Graphics\Scene.hpp">
      <Filter>Header Files\IronClad\Graphics</Filter>
    </ClInclude>
    <ClInclude Include="include\IronClad\Graphics\ShaderPair.hpp">
      <Filter>Header Files\IronClad\Graphics</Filter>
    </ClInclude>
    <ClInclude Include="include\IronClad\Graphics\Surface.hpp">
      <Filter>Header Files\IronClad\Graphics</Filter>
    </ClInclude>
    <ClInclude Include="include\IronClad\Graphics\VertexBuffer.hpp">
      <Filter>Header Files\IronClad\Graphics</Filter>
    </ClInclude>
    <ClInclude Include="include\IronClad\Graphics\Window.hpp">
      <Filter>Header Files\IronClad\Graphics</Filter>
    </ClInclude>
    <ClInclude Include="include\IronClad\Entity\Animation.hpp">
      <Filter>Header Files\IronClad\Entity</Filter>
    </ClInclude>
    <ClInclude Include="include\IronClad\Entity\Entity.hpp">
      <Filter>Header Files\IronClad\Entity</Filter>
    </ClInclude>
    <ClInclude Include="include\IronClad\Entity\QuadTree.hpp">
      <Filter>Header Files\IronClad\Entity</Filter>
    </ClInclude>
    <ClInclude Include="include\IronClad\Entity\RigidBody.hpp">
      <Filter>Header Files\IronClad\Entity</Filter>
    </ClInclude>
    <ClInclude Include="include\IronClad\Base\Errors.hpp">
      <Filter>Header Files\IronClad\Base</Filter>
    </ClInclude>
    <ClInclude Include="include\IronClad\Base\Types.hpp">
      <Filter>Header Files\IronClad\Base</Filter>
    </ClInclude>
    <ClInclude Include="include\IronClad\Asset\Asset.hpp">
      <Filter>Header Files\IronClad\Assets</Filter>
    </ClInclude>
    <ClInclude Include="include\IronClad\Asset\AssetManager.hpp">
      <Filter>Header Files\IronClad\Assets</Filter>
    </ClInclude>
    <ClInclude Include="include\IronClad\Asset\Mesh.hpp">
      <Filter>Header Files\IronClad\Assets</Filter>
    </ClInclude>
    <ClInclude Include="include\IronClad\Asset\Shader.hpp">
      <Filter>Header Files\IronClad\Assets</Filter>
    </ClInclude>
    <ClInclude Include="include\IronClad\Asset\Sound2D.hpp">
      <Filter>Header Files\IronClad\Assets</Filter>
    </ClInclude>
    <ClInclude Include="include\IronClad\Asset\Texture.hpp">
      <Filter>Header Files\IronClad\Assets</Filter>
    </ClInclude>
    <ClInclude Include="include\IronClad\Audio\MusicPlayer.hpp">
      <Filter>Header Files\IronClad\Audio</Filter>
    </ClInclude>
    <ClInclude Include="include\IronClad\GUI\Button.hpp">
      <Filter>Header Files\IronClad\GUI</Filter>
    </ClInclude>
    <ClInclude Include="include\IronClad\GUI\Font.hpp">
      <Filter>Header Files\IronClad\GUI</Filter>
    </ClInclude>
    <ClInclude Include="include\IronClad\GUI\Glyph.hpp">
      <Filter>Header Files\IronClad\GUI</Filter>
    </ClInclude>
    <ClInclude Include="include\IronClad\GUI\Menu.hpp">
      <Filter>Header Files\IronClad\GUI</Filter>
    </ClInclude>
    <ClInclude Include="include\IronClad\Math\Line2.hpp">
      <Filter>Header Files\IronClad\Math</Filter>
    </ClInclude>
    <ClInclude Include="include\IronClad\Math\Math.hpp">
      <Filter>Header Files\IronClad\Math</Filter>
    </ClInclude>
    <ClInclude Include="include\IronClad\Math\MathDef.hpp">
      <Filter>Header Files\IronClad\Math</Filter>
    </ClInclude>
    <ClInclude Include="include\IronClad\Math\Matrix.hpp">
      <Filter>Header Files\IronClad\Math</Filter>
    </ClInclude>
    <ClInclude Include="include\IronClad\Math\Shapes.hpp">
      <Filter>Header Files\IronClad\Math</Filter>
    </ClInclude>
    <ClInclude Include="include\IronClad\Math\Vector2.hpp">
      <Filter>Header Files\IronClad\Math</Filter>
    </ClInclude>
    <ClInclude Include="include\IronClad\Math\Vector3.hpp">
      <Filter>Header Files\IronClad\Math</Filter>
    </ClInclude>
    <ClInclude Include="include\IronClad\Utils\Helper.hpp">
      <Filter>Header Files\IronClad\Utilities</Filter>
    </ClInclude>
    <ClInclude Include="include\IronClad\Utils\Loader.hpp">
      <Filter>Header Files\IronClad\Utilities</Filter>
    </ClInclude>
    <ClInclude Include="include\IronClad\Utils\Logging.hpp">
      <Filter>Header Files\IronClad\Utilities</Filter>
    </ClInclude>
    <ClInclude Include="include\IronClad\Utils\SysEvent.hpp">
      <Filter>Header Files\IronClad\Utilities</Filter>
    </ClInclude>
    <ClInclude Include="include\IronClad\Utils\Timer.hpp">
      <Filter>Header Files\IronClad\Utilities</Filter>
    </ClInclude>
    <ClInclude Include="include\IronClad\Utils\Utilities.hpp">
      <Filter>Header Files\IronClad\Utilities</Filter>
    </ClInclude>
    <ClInclude Include="include\IronClad\Level.hpp">
      <Filter>Header Files\IronClad</Filter>
    </ClInclude>
    <ClInclude Include="include\IronClad\IronClad.hpp">
      <Filter>Header Files\IronClad</Filter>
    </ClInclude>
    <ClInclude Include="include\IronClad\Utils\Parser.hpp">
      <Filter>Header Files\IronClad\Utilities</Filter>
    </ClInclude>
  </ItemGroup>
  <ItemGroup>
    <None Include="..\Debug\Shaders\Default.fs">
      <Filter>Shaders</Filter>
    </None>
    <None Include="..\Debug\Shaders\Default.vs">
      <Filter>Shaders</Filter>
    </None>
    <None Include="..\Debug\Shaders\PointLight.fs">
      <Filter>Shaders</Filter>
    </None>
    <None Include="..\Debug\Shaders\ShadowCaster.fs">
      <Filter>Shaders</Filter>
    </None>
    <None Include="..\Debug\Shaders\FontRender.fs">
      <Filter>Shaders</Filter>
    </None>
    <None Include="..\Debug\Shaders\Animate.fs">
      <Filter>Shaders</Filter>
    </None>
    <None Include="..\Debug\Shaders\Fade.fs">
      <Filter>Shaders</Filter>
    </None>
    <None Include="..\Debug\Shaders\GaussianBlurH.fs">
      <Filter>Shaders</Filter>
    </None>
    <None Include="..\Debug\Shaders\GaussianBlurV.fs">
      <Filter>Shaders</Filter>
    </None>
    <None Include="..\Debug\Shaders\Ripple.fs">
      <Filter>Shaders</Filter>
    </None>
    <None Include="..\Debug\Shaders\DirectionalLight.fs">
      <Filter>Shaders</Filter>
    </None>
    <None Include="..\Debug\Shaders\AmbientLight.fs">
      <Filter>Shaders</Filter>
    </None>
    <None Include="include\IronClad\Asset\AssetManager.inl">
      <Filter>Header Files\IronClad\Assets</Filter>
    </None>
  </ItemGroup>
  <ItemGroup>
    <ClCompile Include="src\DLLMain.cpp">
      <Filter>Source Files</Filter>
    </ClCompile>
    <ClCompile Include="src\IronClad.cpp">
      <Filter>Source Files\Engine</Filter>
    </ClCompile>
    <ClCompile Include="src\Level.cpp">
      <Filter>Source Files\Engine</Filter>
    </ClCompile>
    <ClCompile Include="src\Asset\Asset.cpp">
      <Filter>Source Files\Engine\Assets</Filter>
    </ClCompile>
    <ClCompile Include="src\Asset\AssetManager.cpp">
      <Filter>Source Files\Engine\Assets</Filter>
    </ClCompile>
    <ClCompile Include="src\Asset\Mesh.cpp">
      <Filter>Source Files\Engine\Assets</Filter>
    </ClCompile>
    <ClCompile Include="src\Asset\Shader.cpp">
      <Filter>Source Files\Engine\Assets</Filter>
    </ClCompile>
    <ClCompile Include="src\Asset\Sound2D.cpp">
      <Filter>Source Files\Engine\Assets</Filter>
    </ClCompile>
    <ClCompile Include="src\Asset\Texture.cpp">
      <Filter>Source Files\Engine\Assets</Filter>
    </ClCompile>
    <ClCompile Include="src\Entity\Animation.cpp">
      <Filter>Source Files\Engine\Entities</Filter>
    </ClCompile>
    <ClCompile Include="src\Entity\Entity.cpp">
      <Filter>Source Files\Engine\Entities</Filter>
    </ClCompile>
    <ClCompile Include="src\Entity\QuadTree.cpp">
      <Filter>Source Files\Engine\Entities</Filter>
    </ClCompile>
    <ClCompile Include="src\Entity\RigidBody.cpp">
      <Filter>Source Files\Engine\Entities</Filter>
    </ClCompile>
    <ClCompile Include="src\Graphics\Effect.cpp">
      <Filter>Source Files\Engine\Graphics</Filter>
    </ClCompile>
    <ClCompile Include="src\Graphics\Framebuffer.cpp">
      <Filter>Source Files\Engine\Graphics</Filter>
    </ClCompile>
    <ClCompile Include="src\Graphics\Globals.cpp">
      <Filter>Source Files\Engine\Graphics</Filter>
    </ClCompile>
    <ClCompile Include="src\Graphics\Light.cpp">
      <Filter>Source Files\Engine\Graphics</Filter>
    </ClCompile>
    <ClCompile Include="src\Graphics\MeshInstance.cpp">
      <Filter>Source Files\Engine\Graphics</Filter>
    </ClCompile>
    <ClCompile Include="src\Graphics\Scene.cpp">
      <Filter>Source Files\Engine\Graphics</Filter>
    </ClCompile>
    <ClCompile Include="src\Graphics\ShaderPair.cpp">
      <Filter>Source Files\Engine\Graphics</Filter>
    </ClCompile>
    <ClCompile Include="src\Graphics\VertexBuffer.cpp">
      <Filter>Source Files\Engine\Graphics</Filter>
    </ClCompile>
    <ClCompile Include="src\Graphics\Window.cpp">
      <Filter>Source Files\Engine\Graphics</Filter>
    </ClCompile>
    <ClCompile Include="src\Math\Line2.cpp">
      <Filter>Source Files\Engine\Math</Filter>
    </ClCompile>
    <ClCompile Include="src\Math\Matrix.cpp">
      <Filter>Source Files\Engine\Math</Filter>
    </ClCompile>
    <ClCompile Include="src\Utils\Helper.cpp">
      <Filter>Source Files\Engine\Utilities</Filter>
    </ClCompile>
    <ClCompile Include="src\Utils\Loader.cpp">
      <Filter>Source Files\Engine\Utilities</Filter>
    </ClCompile>
    <ClCompile Include="src\Utils\Logging.cpp">
      <Filter>Source Files\Engine\Utilities</Filter>
    </ClCompile>
    <ClCompile Include="src\Utils\Parser.cpp">
      <Filter>Source Files\Engine\Utilities</Filter>
    </ClCompile>
    <ClCompile Include="src\Utils\SysEvent.cpp">
      <Filter>Source Files\Engine\Utilities</Filter>
    </ClCompile>
    <ClCompile Include="src\GUI\Button.cpp">
      <Filter>Source Files\Engine\GUI</Filter>
    </ClCompile>
    <ClCompile Include="src\GUI\Font.cpp">
      <Filter>Source Files\Engine\GUI</Filter>
    </ClCompile>
    <ClCompile Include="src\GUI\Menu.cpp">
      <Filter>Source Files\Engine\GUI</Filter>
    </ClCompile>
    <ClCompile Include="src\Audio\MusicPlayer.cpp">
      <Filter>Source Files\Engine\Audio</Filter>
    </ClCompile>
  </ItemGroup>
</Project>